
Microsoft Visual Studio Solution File, Format Version 12.00
# Visual Studio Version 17
VisualStudioVersion = 17.8.34330.188
MinimumVisualStudioVersion = 10.0.40219.1
Project("{8BC9CEB8-8B4A-11D0-8D11-00A0C91BC942}") = "json-reader", "json-reader\json-reader.vcxproj", "{172DA797-BE71-42EB-8D4F-377F4C861A91}"
EndProject
Project("{8BC9CEB8-8B4A-11D0-8D11-00A0C91BC942}") = "test", "test\test.vcxproj", "{4475E442-968A-447B-A8D1-93E6F5927712}"
EndProject
Global
	GlobalSection(SolutionConfigurationPlatforms) = preSolution
		Debug|x64 = Debug|x64
		Debug|x86 = Debug|x86
		Release|x64 = Release|x64
		Release|x86 = Release|x86
	EndGlobalSection
	GlobalSection(ProjectConfigurationPlatforms) = postSolution
		{172DA797-BE71-42EB-8D4F-377F4C861A91}.Debug|x64.ActiveCfg = Debug|x64
		{172DA797-BE71-42EB-8D4F-377F4C861A91}.Debug|x64.Build.0 = Debug|x64
		{172DA797-BE71-42EB-8D4F-377F4C861A91}.Debug|x86.ActiveCfg = Debug|Win32
		{172DA797-BE71-42EB-8D4F-377F4C861A91}.Debug|x86.Build.0 = Debug|Win32
		{172DA797-BE71-42EB-8D4F-377F4C861A91}.Release|x64.ActiveCfg = Release|x64
		{172DA797-BE71-42EB-8D4F-377F4C861A91}.Release|x64.Build.0 = Release|x64
		{172DA797-BE71-42EB-8D4F-377F4C861A91}.Release|x86.ActiveCfg = Release|Win32
		{172DA797-BE71-42EB-8D4F-377F4C861A91}.Release|x86.Build.0 = Release|Win32
		{4475E442-968A-447B-A8D1-93E6F5927712}.Debug|x64.ActiveCfg = Debug|x64
		{4475E442-968A-447B-A8D1-93E6F5927712}.Debug|x64.Build.0 = Debug|x64
		{4475E442-968A-447B-A8D1-93E6F5927712}.Debug|x86.ActiveCfg = Debug|Win32
		{4475E442-968A-447B-A8D1-93E6F5927712}.Debug|x86.Build.0 = Debug|Win32
		{4475E442-968A-447B-A8D1-93E6F5927712}.Release|x64.ActiveCfg = Release|x64
		{4475E442-968A-447B-A8D1-93E6F5927712}.Release|x64.Build.0 = Release|x64
		{4475E442-968A-447B-A8D1-93E6F5927712}.Release|x86.ActiveCfg = Release|Win32
		{4475E442-968A-447B-A8D1-93E6F5927712}.Release|x86.Build.0 = Release|Win32
	EndGlobalSection
	GlobalSection(SolutionProperties) = preSolution
		HideSolutionNode = FALSE
	EndGlobalSection
	GlobalSection(ExtensibilityGlobals) = postSolution
		SolutionGuid = {69ECD001-FB02-48E5-A897-88709FDF62B9}
	EndGlobalSection
EndGlobal
